PODS:
  - Flutter (1.0.0)
  - xayn_discovery_engine_flutter (0.0.1):
    - Flutter

DEPENDENCIES:
  - Flutter (from `Flutter`)
  - xayn_discovery_engine_flutter (from `.symlinks/plugins/xayn_discovery_engine_flutter/ios`)

EXTERNAL SOURCES:
  Flutter:
    :path: Flutter
  xayn_discovery_engine_flutter:
    :path: ".symlinks/plugins/xayn_discovery_engine_flutter/ios"

SPEC CHECKSUMS:
  Flutter: 50d75fe2f02b26cc09d224853bb45737f8b3214a
  xayn_discovery_engine_flutter: e30b64b4a52b2bcfef0361e996b1c90758b8812a

PODFILE CHECKSUM: aafe91acc616949ddb318b77800a7f51bffa2a4c

COCOAPODS: 1.10.0
